lockfileVersion: 5.4

importers:

  packages/addon-statistics:
    specifiers:
      reading-time: ^1.5.0
    dependencies:
      reading-time: 1.5.0

packages:

  /reading-time/1.5.0:
    resolution: {integrity: sha512-onYyVhBNr4CmAxFsKS7bz+uTLRakypIe4R+5A824vBSkQy/hB3fZepoVEf8OVAxzLvK+H/jm9TzpI3ETSm64Kg==}
    dev: false
